
Microsoft Visual Studio Solution File, Format Version 12.00
# Visual Studio Version 16
VisualStudioVersion = 16.0.28803.452
MinimumVisualStudioVersion = 10.0.40219.1
Project("{FAE04EC0-301F-11D3-BF4B-00C04F79EFBC}") = "Client", "Client\Client.csproj", "{FD135C20-20DB-4A15-AF48-73052D737C73}"
EndProject
Project("{FAE04EC0-301F-11D3-BF4B-00C04F79EFBC}") = "Server", "Server\Server.csproj", "{37AF14D2-27DD-4DDE-AD15-1CF012D2C944}"
EndProject
Project("{9A19103F-16F7-4668-BE54-9A1E7A4F7556}") = "SocketGlobal", "SocketGlobal\SocketGlobal.csproj", "{93CA579F-86DB-4FD5-9238-452FB46566E5}"
EndProject
Global
	GlobalSection(SolutionConfigurationPlatforms) = preSolution
		Debug|Any CPU = Debug|Any CPU
		Release|Any CPU = Release|Any CPU
	EndGlobalSection
	GlobalSection(ProjectConfigurationPlatforms) = postSolution
		{FD135C20-20DB-4A15-AF48-73052D737C73}.Debug|Any CPU.ActiveCfg = Debug|Any CPU
		{FD135C20-20DB-4A15-AF48-73052D737C73}.Debug|Any CPU.Build.0 = Debug|Any CPU
		{FD135C20-20DB-4A15-AF48-73052D737C73}.Release|Any CPU.ActiveCfg = Release|Any CPU
		{FD135C20-20DB-4A15-AF48-73052D737C73}.Release|Any CPU.Build.0 = Release|Any CPU
		{37AF14D2-27DD-4DDE-AD15-1CF012D2C944}.Debug|Any CPU.ActiveCfg = Debug|Any CPU
		{37AF14D2-27DD-4DDE-AD15-1CF012D2C944}.Debug|Any CPU.Build.0 = Debug|Any CPU
		{37AF14D2-27DD-4DDE-AD15-1CF012D2C944}.Release|Any CPU.ActiveCfg = Release|Any CPU
		{37AF14D2-27DD-4DDE-AD15-1CF012D2C944}.Release|Any CPU.Build.0 = Release|Any CPU
		{93CA579F-86DB-4FD5-9238-452FB46566E5}.Debug|Any CPU.ActiveCfg = Debug|Any CPU
		{93CA579F-86DB-4FD5-9238-452FB46566E5}.Debug|Any CPU.Build.0 = Debug|Any CPU
		{93CA579F-86DB-4FD5-9238-452FB46566E5}.Release|Any CPU.ActiveCfg = Release|Any CPU
		{93CA579F-86DB-4FD5-9238-452FB46566E5}.Release|Any CPU.Build.0 = Release|Any CPU
	EndGlobalSection
	GlobalSection(SolutionProperties) = preSolution
		HideSolutionNode = FALSE
	EndGlobalSection
	GlobalSection(ExtensibilityGlobals) = postSolution
		SolutionGuid = {EE64F25F-FE43-4AFA-ABF7-54BE7B690723}
	EndGlobalSection
EndGlobal
